// !$*UTF8*$!
{
	archiveVersion = 1;
	classes = {
	};
	objectVersion = 50;
	objects = {

/* Begin PBXBuildFile section */
		0EE6EAFE188DE441525A1BD2 /* libPods-FleetingTimeTests.a in Frameworks */ = {isa = PBXBuildFile; fileRef = B69C6858969CB7305679F128 /* libPods-FleetingTimeTests.a */; };
		4CEDBE1939B02811AABAE659 /* libPods-FleetingTime.a in Frameworks */ = {isa = PBXBuildFile; fileRef = 3794F973A990A5A364D44FC5 /* libPods-FleetingTime.a */; };
		8135BC962115B67A001AF574 /* AppDelegate.m in Sources */ = {isa = PBXBuildFile; fileRef = 8135BC952115B67A001AF574 /* AppDelegate.m */; };
		8135BC992115B67A001AF574 /* ViewController.m in Sources */ = {isa = PBXBuildFile; fileRef = 8135BC982115B67A001AF574 /* ViewController.m */; };
		8135BC9C2115B67A001AF574 /* Main.storyboard in Resources */ = {isa = PBXBuildFile; fileRef = 8135BC9A2115B67A001AF574 /* Main.storyboard */; };
		8135BC9F2115B67A001AF574 /* FleetingTime.xcdatamodeld in Sources */ = {isa = PBXBuildFile; fileRef = 8135BC9D2115B67A001AF574 /* FleetingTime.xcdatamodeld */; };
		8135BCA12115B67B001AF574 /* Assets.xcassets in Resources */ = {isa = PBXBuildFile; fileRef = 8135BCA02115B67B001AF574 /* Assets.xcassets */; };
		8135BCA42115B67B001AF574 /* LaunchScreen.storyboard in Resources */ = {isa = PBXBuildFile; fileRef = 8135BCA22115B67B001AF574 /* LaunchScreen.storyboard */; };
		8135BCA72115B67B001AF574 /* main.m in Sources */ = {isa = PBXBuildFile; fileRef = 8135BCA62115B67B001AF574 /* main.m */; };
		8135BCB12115B67C001AF574 /* FleetingTimeTests.m in Sources */ = {isa = PBXBuildFile; fileRef = 8135BCB02115B67C001AF574 /* FleetingTimeTests.m */; };
		8135BCBC2115B67C001AF574 /* FleetingTimeUITests.m in Sources */ = {isa = PBXBuildFile; fileRef = 8135BCBB2115B67C001AF574 /* FleetingTimeUITests.m */; };
		8135BCCB2115BB08001AF574 /* MainViewController.m in Sources */ = {isa = PBXBuildFile; fileRef = 8135BCCA2115BB08001AF574 /* MainViewController.m */; };
		8135BCCE2115BBD4001AF574 /* MainTableViewCell.m in Sources */ = {isa = PBXBuildFile; fileRef = 8135BCCD2115BBD4001AF574 /* MainTableViewCell.m */; };
		8135BD5E2115C86D001AF574 /* MainModel.m in Sources */ = {isa = PBXBuildFile; fileRef = 8135BD5D2115C86D001AF574 /* MainModel.m */; };
		8135BD6C21170149001AF574 /* img_4.png in Resources */ = {isa = PBXBuildFile; fileRef = 8135BD6121170147001AF574 /* img_4.png */; };
		8135BD6E21170149001AF574 /* img_1.png in Resources */ = {isa = PBXBuildFile; fileRef = 8135BD6321170147001AF574 /* img_1.png */; };
		8135BD6F21170149001AF574 /* img_0.png in Resources */ = {isa = PBXBuildFile; fileRef = 8135BD6421170147001AF574 /* img_0.png */; };
		8135BD7221170149001AF574 /* img_2.png in Resources */ = {isa = PBXBuildFile; fileRef = 8135BD6721170148001AF574 /* img_2.png */; };
		8135BD7321170149001AF574 /* img_3.png in Resources */ = {isa = PBXBuildFile; fileRef = 8135BD6821170148001AF574 /* img_3.png */; };
		8135BD7E21171710001AF574 /* img_5.png in Resources */ = {isa = PBXBuildFile; fileRef = 8135BD7D21171710001AF574 /* img_5.png */; };
		8135BD8021171774001AF574 /* img_6.png in Resources */ = {isa = PBXBuildFile; fileRef = 8135BD7F21171774001AF574 /* img_6.png */; };
		8135BD8221171917001AF574 /* img_7.png in Resources */ = {isa = PBXBuildFile; fileRef = 8135BD8121171917001AF574 /* img_7.png */; };
		8135BD842117193E001AF574 /* img_8.png in Resources */ = {isa = PBXBuildFile; fileRef = 8135BD832117193E001AF574 /* img_8.png */; };
		8135BD872117290E001AF574 /* SVGViewController.m in Sources */ = {isa = PBXBuildFile; fileRef = 8135BD862117290E001AF574 /* SVGViewController.m */; };
		8135BD8A21172B7B001AF574 /* Cycling_Lambie.svg in Resources */ = {isa = PBXBuildFile; fileRef = 8135BD8921172B7B001AF574 /* Cycling_Lambie.svg */; };
		8135BD8D21172CBB001AF574 /* CoreText.framework in Frameworks */ = {isa = PBXBuildFile; fileRef = 8135BD8C21172CBB001AF574 /* CoreText.framework */; };
		8135BD8F21172CC3001AF574 /* CoreImage.framework in Frameworks */ = {isa = PBXBuildFile; fileRef = 8135BD8E21172CC3001AF574 /* CoreImage.framework */; };
		8135BD9121172CCC001AF574 /* libxml2.tbd in Frameworks */ = {isa = PBXBuildFile; fileRef = 8135BD9021172CCC001AF574 /* libxml2.tbd */; };
		8135BD9321172CD3001AF574 /* QuartzCore.framework in Frameworks */ = {isa = PBXBuildFile; fileRef = 8135BD9221172CD3001AF574 /* QuartzCore.framework */; };
		8135BD9521172CDA001AF574 /* CoreGraphics.framework in Frameworks */ = {isa = PBXBuildFile; fileRef = 8135BD9421172CDA001AF574 /* CoreGraphics.framework */; };
		8135BD9721172CE2001AF574 /* UIKit.framework in Frameworks */ = {isa = PBXBuildFile; fileRef = 8135BD9621172CE2001AF574 /* UIKit.framework */; };
		E13689C25322E9A20609297F /* libPods-FleetingTimeUITests.a in Frameworks */ = {isa = PBXBuildFile; fileRef = 1261B37A5A4E24858C037214 /* libPods-FleetingTimeUITests.a */; };
/* End PBXBuildFile section */

/* Begin PBXContainerItemProxy section */
		8135BCAD2115B67C001AF574 /* PBXContainerItemProxy */ = {
			isa = PBXContainerItemProxy;
			containerPortal = 8135BC892115B67A001AF574 /* Project object */;
			proxyType = 1;
			remoteGlobalIDString = 8135BC902115B67A001AF574;
			remoteInfo = FleetingTime;
		};
		8135BCB82115B67C001AF574 /* PBXContainerItemProxy */ = {
			isa = PBXContainerItemProxy;
			containerPortal = 8135BC892115B67A001AF574 /* Project object */;
			proxyType = 1;
			remoteGlobalIDString = 8135BC902115B67A001AF574;
			remoteInfo = FleetingTime;
		};
/* End PBXContainerItemProxy section */

/* Begin PBXFileReference section */
		1261B37A5A4E24858C037214 /* libPods-FleetingTimeUITests.a */ = {isa = PBXFileReference; explicitFileType = archive.ar; includeInIndex = 0; path = "libPods-FleetingTimeUITests.a"; sourceTree = BUILT_PRODUCTS_DIR; };
		231BE545A7813ABEC8C6A5E1 /* Pods-FleetingTime.debug.xcconfig */ = {isa = PBXFileReference; includeInIndex = 1; lastKnownFileType = text.xcconfig; name = "Pods-FleetingTime.debug.xcconfig"; path = "Pods/Target Support Files/Pods-FleetingTime/Pods-FleetingTime.debug.xcconfig"; sourceTree = "<group>"; };
		3794F973A990A5A364D44FC5 /* libPods-FleetingTime.a */ = {isa = PBXFileReference; explicitFileType = archive.ar; includeInIndex = 0; path = "libPods-FleetingTime.a"; sourceTree = BUILT_PRODUCTS_DIR; };
		5AC400093DCCC9998583D017 /* Pods-FleetingTimeUITests.release.xcconfig */ = {isa = PBXFileReference; includeInIndex = 1; lastKnownFileType = text.xcconfig; name = "Pods-FleetingTimeUITests.release.xcconfig"; path = "Pods/Target Support Files/Pods-FleetingTimeUITests/Pods-FleetingTimeUITests.release.xcconfig"; sourceTree = "<group>"; };
		8135BC912115B67A001AF574 /* FleetingTime.app */ = {isa = PBXFileReference; explicitFileType = wrapper.application; includeInIndex = 0; path = FleetingTime.app; sourceTree = BUILT_PRODUCTS_DIR; };
		8135BC942115B67A001AF574 /* AppDelegate.h */ = {isa = PBXFileReference; lastKnownFileType = sourcecode.c.h; path = AppDelegate.h; sourceTree = "<group>"; };
		8135BC952115B67A001AF574 /* AppDelegate.m */ = {isa = PBXFileReference; lastKnownFileType = sourcecode.c.objc; path = AppDelegate.m; sourceTree = "<group>"; };
		8135BC972115B67A001AF574 /* ViewController.h */ = {isa = PBXFileReference; lastKnownFileType = sourcecode.c.h; path = ViewController.h; sourceTree = "<group>"; };
		8135BC982115B67A001AF574 /* ViewController.m */ = {isa = PBXFileReference; lastKnownFileType = sourcecode.c.objc; path = ViewController.m; sourceTree = "<group>"; };
		8135BC9B2115B67A001AF574 /* Base */ = {isa = PBXFileReference; lastKnownFileType = file.storyboard; name = Base; path = Base.lproj/Main.storyboard; sourceTree = "<group>"; };
		8135BC9E2115B67A001AF574 /* FleetingTime.xcdatamodel */ = {isa = PBXFileReference; lastKnownFileType = wrapper.xcdatamodel; path = FleetingTime.xcdatamodel; sourceTree = "<group>"; };
		8135BCA02115B67B001AF574 /* Assets.xcassets */ = {isa = PBXFileReference; lastKnownFileType = folder.assetcatalog; path = Assets.xcassets; sourceTree = "<group>"; };
		8135BCA32115B67B001AF574 /* Base */ = {isa = PBXFileReference; lastKnownFileType = file.storyboard; name = Base; path = Base.lproj/LaunchScreen.storyboard; sourceTree = "<group>"; };
		8135BCA52115B67B001AF574 /* Info.plist */ = {isa = PBXFileReference; lastKnownFileType = text.plist.xml; path = Info.plist; sourceTree = "<group>"; };
		8135BCA62115B67B001AF574 /* main.m */ = {isa = PBXFileReference; lastKnownFileType = sourcecode.c.objc; path = main.m; sourceTree = "<group>"; };
		8135BCAC2115B67C001AF574 /* FleetingTimeTests.xctest */ = {isa = PBXFileReference; explicitFileType = wrapper.cfbundle; includeInIndex = 0; path = FleetingTimeTests.xctest; sourceTree = BUILT_PRODUCTS_DIR; };
		8135BCB02115B67C001AF574 /* FleetingTimeTests.m */ = {isa = PBXFileReference; lastKnownFileType = sourcecode.c.objc; path = FleetingTimeTests.m; sourceTree = "<group>"; };
		8135BCB22115B67C001AF574 /* Info.plist */ = {isa = PBXFileReference; lastKnownFileType = text.plist.xml; path = Info.plist; sourceTree = "<group>"; };
		8135BCB72115B67C001AF574 /* FleetingTimeUITests.xctest */ = {isa = PBXFileReference; explicitFileType = wrapper.cfbundle; includeInIndex = 0; path = FleetingTimeUITests.xctest; sourceTree = BUILT_PRODUCTS_DIR; };
		8135BCBB2115B67C001AF574 /* FleetingTimeUITests.m */ = {isa = PBXFileReference; lastKnownFileType = sourcecode.c.objc; path = FleetingTimeUITests.m; sourceTree = "<group>"; };
		8135BCBD2115B67C001AF574 /* Info.plist */ = {isa = PBXFileReference; lastKnownFileType = text.plist.xml; path = Info.plist; sourceTree = "<group>"; };
		8135BCC92115BB08001AF574 /* MainViewController.h */ = {isa = PBXFileReference; lastKnownFileType = sourcecode.c.h; path = MainViewController.h; sourceTree = "<group>"; };
		8135BCCA2115BB08001AF574 /* MainViewController.m */ = {isa = PBXFileReference; lastKnownFileType = sourcecode.c.objc; path = MainViewController.m; sourceTree = "<group>"; };
		8135BCCC2115BBD4001AF574 /* MainTableViewCell.h */ = {isa = PBXFileReference; lastKnownFileType = sourcecode.c.h; path = MainTableViewCell.h; sourceTree = "<group>"; };
		8135BCCD2115BBD4001AF574 /* MainTableViewCell.m */ = {isa = PBXFileReference; lastKnownFileType = sourcecode.c.objc; path = MainTableViewCell.m; sourceTree = "<group>"; };
		8135BCCF2115C0AC001AF574 /* Define.h */ = {isa = PBXFileReference; lastKnownFileType = sourcecode.c.h; path = Define.h; sourceTree = "<group>"; };
		8135BD5C2115C86D001AF574 /* MainModel.h */ = {isa = PBXFileReference; lastKnownFileType = sourcecode.c.h; path = MainModel.h; sourceTree = "<group>"; };
		8135BD5D2115C86D001AF574 /* MainModel.m */ = {isa = PBXFileReference; lastKnownFileType = sourcecode.c.objc; path = MainModel.m; sourceTree = "<group>"; };
		8135BD6121170147001AF574 /* img_4.png */ = {isa = PBXFileReference; lastKnownFileType = image.png; path = img_4.png; sourceTree = "<group>"; };
		8135BD6321170147001AF574 /* img_1.png */ = {isa = PBXFileReference; lastKnownFileType = image.png; path = img_1.png; sourceTree = "<group>"; };
		8135BD6421170147001AF574 /* img_0.png */ = {isa = PBXFileReference; lastKnownFileType = image.png; path = img_0.png; sourceTree = "<group>"; };
		8135BD6721170148001AF574 /* img_2.png */ = {isa = PBXFileReference; lastKnownFileType = image.png; path = img_2.png; sourceTree = "<group>"; };
		8135BD6821170148001AF574 /* img_3.png */ = {isa = PBXFileReference; lastKnownFileType = image.png; path = img_3.png; sourceTree = "<group>"; };
		8135BD7D21171710001AF574 /* img_5.png */ = {isa = PBXFileReference; lastKnownFileType = image.png; path = img_5.png; sourceTree = "<group>"; };
		8135BD7F21171774001AF574 /* img_6.png */ = {isa = PBXFileReference; lastKnownFileType = image.png; path = img_6.png; sourceTree = "<group>"; };
		8135BD8121171917001AF574 /* img_7.png */ = {isa = PBXFileReference; lastKnownFileType = image.png; path = img_7.png; sourceTree = "<group>"; };
		8135BD832117193E001AF574 /* img_8.png */ = {isa = PBXFileReference; lastKnownFileType = image.png; path = img_8.png; sourceTree = "<group>"; };
		8135BD852117290E001AF574 /* SVGViewController.h */ = {isa = PBXFileReference; lastKnownFileType = sourcecode.c.h; path = SVGViewController.h; sourceTree = "<group>"; };
		8135BD862117290E001AF574 /* SVGViewController.m */ = {isa = PBXFileReference; lastKnownFileType = sourcecode.c.objc; path = SVGViewController.m; sourceTree = "<group>"; };
		8135BD8921172B7B001AF574 /* Cycling_Lambie.svg */ = {isa = PBXFileReference; fileEncoding = 4; lastKnownFileType = text.xml; path = Cycling_Lambie.svg; sourceTree = "<group>"; };
		8135BD8C21172CBB001AF574 /* CoreText.framework */ = {isa = PBXFileReference; lastKnownFileType = wrapper.framework; name = CoreText.framework; path = System/Library/Frameworks/CoreText.framework; sourceTree = SDKROOT; };
		8135BD8E21172CC3001AF574 /* CoreImage.framework */ = {isa = PBXFileReference; lastKnownFileType = wrapper.framework; name = CoreImage.framework; path = System/Library/Frameworks/CoreImage.framework; sourceTree = SDKROOT; };
		8135BD9021172CCC001AF574 /* libxml2.tbd */ = {isa = PBXFileReference; lastKnownFileType = "sourcecode.text-based-dylib-definition"; name = libxml2.tbd; path = usr/lib/libxml2.tbd; sourceTree = SDKROOT; };
		8135BD9221172CD3001AF574 /* QuartzCore.framework */ = {isa = PBXFileReference; lastKnownFileType = wrapper.framework; name = QuartzCore.framework; path = System/Library/Frameworks/QuartzCore.framework; sourceTree = SDKROOT; };
		8135BD9421172CDA001AF574 /* CoreGraphics.framework */ = {isa = PBXFileReference; lastKnownFileType = wrapper.framework; name = CoreGraphics.framework; path = System/Library/Frameworks/CoreGraphics.framework; sourceTree = SDKROOT; };
		8135BD9621172CE2001AF574 /* UIKit.framework */ = {isa = PBXFileReference; lastKnownFileType = wrapper.framework; name = UIKit.framework; path = System/Library/Frameworks/UIKit.framework; sourceTree = SDKROOT; };
		A995052DCB884887D80A686C /* Pods-FleetingTimeTests.release.xcconfig */ = {isa = PBXFileReference; includeInIndex = 1; lastKnownFileType = text.xcconfig; name = "Pods-FleetingTimeTests.release.xcconfig"; path = "Pods/Target Support Files/Pods-FleetingTimeTests/Pods-FleetingTimeTests.release.xcconfig"; sourceTree = "<group>"; };
		B69C6858969CB7305679F128 /* libPods-FleetingTimeTests.a */ = {isa = PBXFileReference; explicitFileType = archive.ar; includeInIndex = 0; path = "libPods-FleetingTimeTests.a"; sourceTree = BUILT_PRODUCTS_DIR; };
		F3CC6BD322EAFA2BFB8D59AD /* Pods-FleetingTimeTests.debug.xcconfig */ = {isa = PBXFileReference; includeInIndex = 1; lastKnownFileType = text.xcconfig; name = "Pods-FleetingTimeTests.debug.xcconfig"; path = "Pods/Target Support Files/Pods-FleetingTimeTests/Pods-FleetingTimeTests.debug.xcconfig"; sourceTree = "<group>"; };
		F5B2C999B9383FD475D01694 /* Pods-FleetingTime.release.xcconfig */ = {isa = PBXFileReference; includeInIndex = 1; lastKnownFileType = text.xcconfig; name = "Pods-FleetingTime.release.xcconfig"; path = "Pods/Target Support Files/Pods-FleetingTime/Pods-FleetingTime.release.xcconfig"; sourceTree = "<group>"; };
		FF5DBF354ED3943461D4958E /* Pods-FleetingTimeUITests.debug.xcconfig */ = {isa = PBXFileReference; includeInIndex = 1; lastKnownFileType = text.xcconfig; name = "Pods-FleetingTimeUITests.debug.xcconfig"; path = "Pods/Target Support Files/Pods-FleetingTimeUITests/Pods-FleetingTimeUITests.debug.xcconfig"; sourceTree = "<group>"; };
/* End PBXFileReference section */

/* Begin PBXFrameworksBuildPhase section */
		8135BC8E2115B67A001AF574 /* Frameworks */ = {
			isa = PBXFrameworksBuildPhase;
			buildActionMask = 2147483647;
			files = (
				8135BD9721172CE2001AF574 /* UIKit.framework in Frameworks */,
				8135BD9521172CDA001AF574 /* CoreGraphics.framework in Frameworks */,
				8135BD9321172CD3001AF574 /* QuartzCore.framework in Frameworks */,
				8135BD9121172CCC001AF574 /* libxml2.tbd in Frameworks */,
				8135BD8F21172CC3001AF574 /* CoreImage.framework in Frameworks */,
				8135BD8D21172CBB001AF574 /* CoreText.framework in Frameworks */,
				4CEDBE1939B02811AABAE659 /* libPods-FleetingTime.a in Frameworks */,
			);
			runOnlyForDeploymentPostprocessing = 0;
		};
		8135BCA92115B67C001AF574 /* Frameworks */ = {
			isa = PBXFrameworksBuildPhase;
			buildActionMask = 2147483647;
			files = (
				0EE6EAFE188DE441525A1BD2 /* libPods-FleetingTimeTests.a in Frameworks */,
			);
			runOnlyForDeploymentPostprocessing = 0;
		};
		8135BCB42115B67C001AF574 /* Frameworks */ = {
			isa = PBXFrameworksBuildPhase;
			buildActionMask = 2147483647;
			files = (
				E13689C25322E9A20609297F /* libPods-FleetingTimeUITests.a in Frameworks */,
			);
			runOnlyForDeploymentPostprocessing = 0;
		};
/* End PBXFrameworksBuildPhase section */

/* Begin PBXGroup section */
		549EFB94196C19DA6453D143 /* Pods */ = {
			isa = PBXGroup;
			children = (
				231BE545A7813ABEC8C6A5E1 /* Pods-FleetingTime.debug.xcconfig */,
				F5B2C999B9383FD475D01694 /* Pods-FleetingTime.release.xcconfig */,
				F3CC6BD322EAFA2BFB8D59AD /* Pods-FleetingTimeTests.debug.xcconfig */,
				A995052DCB884887D80A686C /* Pods-FleetingTimeTests.release.xcconfig */,
				FF5DBF354ED3943461D4958E /* Pods-FleetingTimeUITests.debug.xcconfig */,
				5AC400093DCCC9998583D017 /* Pods-FleetingTimeUITests.release.xcconfig */,
			);
			name = Pods;
			sourceTree = "<group>";
		};
		8135BC882115B67A001AF574 = {
			isa = PBXGroup;
			children = (
				8135BC932115B67A001AF574 /* FleetingTime */,
				8135BCAF2115B67C001AF574 /* FleetingTimeTests */,
				8135BCBA2115B67C001AF574 /* FleetingTimeUITests */,
				8135BC922115B67A001AF574 /* Products */,
				549EFB94196C19DA6453D143 /* Pods */,
				C4C45D3C9C79483ACC77545D /* Frameworks */,
			);
			sourceTree = "<group>";
		};
		8135BC922115B67A001AF574 /* Products */ = {
			isa = PBXGroup;
			children = (
				8135BC912115B67A001AF574 /* FleetingTime.app */,
				8135BCAC2115B67C001AF574 /* FleetingTimeTests.xctest */,
				8135BCB72115B67C001AF574 /* FleetingTimeUITests.xctest */,
			);
			name = Products;
			sourceTree = "<group>";
		};
		8135BC932115B67A001AF574 /* FleetingTime */ = {
			isa = PBXGroup;
			children = (
				8135BC942115B67A001AF574 /* AppDelegate.h */,
				8135BC952115B67A001AF574 /* AppDelegate.m */,
				8135BC972115B67A001AF574 /* ViewController.h */,
				8135BC982115B67A001AF574 /* ViewController.m */,
				8135BD852117290E001AF574 /* SVGViewController.h */,
				8135BD862117290E001AF574 /* SVGViewController.m */,
				8135BCC92115BB08001AF574 /* MainViewController.h */,
				8135BCCA2115BB08001AF574 /* MainViewController.m */,
				8135BCCC2115BBD4001AF574 /* MainTableViewCell.h */,
				8135BCCD2115BBD4001AF574 /* MainTableViewCell.m */,
				8135BD5C2115C86D001AF574 /* MainModel.h */,
				8135BD5D2115C86D001AF574 /* MainModel.m */,
				8135BCCF2115C0AC001AF574 /* Define.h */,
				8135BD8921172B7B001AF574 /* Cycling_Lambie.svg */,
				8135BD172115C71E001AF574 /* 图片 */,
				8135BC9A2115B67A001AF574 /* Main.storyboard */,
				8135BCA02115B67B001AF574 /* Assets.xcassets */,
				8135BCA22115B67B001AF574 /* LaunchScreen.storyboard */,
				8135BCA52115B67B001AF574 /* Info.plist */,
				8135BCA62115B67B001AF574 /* main.m */,
				8135BC9D2115B67A001AF574 /* FleetingTime.xcdatamodeld */,
			);
			path = FleetingTime;
			sourceTree = "<group>";
		};
		8135BCAF2115B67C001AF574 /* FleetingTimeTests */ = {
			isa = PBXGroup;
			children = (
				8135BCB02115B67C001AF574 /* FleetingTimeTests.m */,
				8135BCB22115B67C001AF574 /* Info.plist */,
			);
			path = FleetingTimeTests;
			sourceTree = "<group>";
		};
		8135BCBA2115B67C001AF574 /* FleetingTimeUITests */ = {
			isa = PBXGroup;
			children = (
				8135BCBB2115B67C001AF574 /* FleetingTimeUITests.m */,
				8135BCBD2115B67C001AF574 /* Info.plist */,
			);
			path = FleetingTimeUITests;
			sourceTree = "<group>";
		};
		8135BD172115C71E001AF574 /* 图片 */ = {
			isa = PBXGroup;
			children = (
				8135BD6421170147001AF574 /* img_0.png */,
				8135BD6321170147001AF574 /* img_1.png */,
				8135BD6721170148001AF574 /* img_2.png */,
				8135BD6821170148001AF574 /* img_3.png */,
				8135BD6121170147001AF574 /* img_4.png */,
				8135BD7D21171710001AF574 /* img_5.png */,
				8135BD7F21171774001AF574 /* img_6.png */,
				8135BD8121171917001AF574 /* img_7.png */,
				8135BD832117193E001AF574 /* img_8.png */,
			);
			path = "图片";
			sourceTree = "<group>";
		};
		C4C45D3C9C79483ACC77545D /* Frameworks */ = {
			isa = PBXGroup;
			children = (
				8135BD9621172CE2001AF574 /* UIKit.framework */,
				8135BD9421172CDA001AF574 /* CoreGraphics.framework */,
				8135BD9221172CD3001AF574 /* QuartzCore.framework */,
				8135BD9021172CCC001AF574 /* libxml2.tbd */,
				8135BD8E21172CC3001AF574 /* CoreImage.framework */,
				8135BD8C21172CBB001AF574 /* CoreText.framework */,
				3794F973A990A5A364D44FC5 /* libPods-FleetingTime.a */,
				B69C6858969CB7305679F128 /* libPods-FleetingTimeTests.a */,
				1261B37A5A4E24858C037214 /* libPods-FleetingTimeUITests.a */,
			);
			name = Frameworks;
			sourceTree = "<group>";
		};
/* End PBXGroup section */

/* Begin PBXNativeTarget section */
		8135BC902115B67A001AF574 /* FleetingTime */ = {
			isa = PBXNativeTarget;
			buildConfigurationList = 8135BCC02115B67C001AF574 /* Build configuration list for PBXNativeTarget "FleetingTime" */;
			buildPhases = (
				AA40B5CDF373189C272D5506 /* [CP] Check Pods Manifest.lock */,
				8135BC8D2115B67A001AF574 /* Sources */,
				8135BC8E2115B67A001AF574 /* Frameworks */,
				8135BC8F2115B67A001AF574 /* Resources */,
			);
			buildRules = (
			);
			dependencies = (
			);
			name = FleetingTime;
			productName = FleetingTime;
			productReference = 8135BC912115B67A001AF574 /* FleetingTime.app */;
			productType = "com.apple.product-type.application";
		};
		8135BCAB2115B67C001AF574 /* FleetingTimeTests */ = {
			isa = PBXNativeTarget;
			buildConfigurationList = 8135BCC32115B67C001AF574 /* Build configuration list for PBXNativeTarget "FleetingTimeTests" */;
			buildPhases = (
				8FEABA360D43F9BE6F4AE912 /* [CP] Check Pods Manifest.lock */,
				8135BCA82115B67C001AF574 /* Sources */,
				8135BCA92115B67C001AF574 /* Frameworks */,
				8135BCAA2115B67C001AF574 /* Resources */,
			);
			buildRules = (
			);
			dependencies = (
				8135BCAE2115B67C001AF574 /* PBXTargetDependency */,
			);
			name = FleetingTimeTests;
			productName = FleetingTimeTests;
			productReference = 8135BCAC2115B67C001AF574 /* FleetingTimeTests.xctest */;
			productType = "com.apple.product-type.bundle.unit-test";
		};
		8135BCB62115B67C001AF574 /* FleetingTimeUITests */ = {
			isa = PBXNativeTarget;
			buildConfigurationList = 8135BCC62115B67C001AF574 /* Build configuration list for PBXNativeTarget "FleetingTimeUITests" */;
			buildPhases = (
				056A4E7BD06D3AE0D251ABA2 /* [CP] Check Pods Manifest.lock */,
				8135BCB32115B67C001AF574 /* Sources */,
				8135BCB42115B67C001AF574 /* Frameworks */,
				8135BCB52115B67C001AF574 /* Resources */,
			);
			buildRules = (
			);
			dependencies = (
				8135BCB92115B67C001AF574 /* PBXTargetDependency */,
			);
			name = FleetingTimeUITests;
			productName = FleetingTimeUITests;
			productReference = 8135BCB72115B67C001AF574 /* FleetingTimeUITests.xctest */;
			productType = "com.apple.product-type.bundle.ui-testing";
		};
/* End PBXNativeTarget section */

/* Begin PBXProject section */
		8135BC892115B67A001AF574 /* Project object */ = {
			isa = PBXProject;
			attributes = {
				LastUpgradeCheck = 0940;
				ORGANIZATIONNAME = X;
				TargetAttributes = {
					8135BC902115B67A001AF574 = {
						CreatedOnToolsVersion = 9.4.1;
					};
					8135BCAB2115B67C001AF574 = {
						CreatedOnToolsVersion = 9.4.1;
						TestTargetID = 8135BC902115B67A001AF574;
					};
					8135BCB62115B67C001AF574 = {
						CreatedOnToolsVersion = 9.4.1;
						TestTargetID = 8135BC902115B67A001AF574;
					};
				};
			};
			buildConfigurationList = 8135BC8C2115B67A001AF574 /* Build configuration list for PBXProject "FleetingTime" */;
			compatibilityVersion = "Xcode 9.3";
			developmentRegion = en;
			hasScannedForEncodings = 0;
			knownRegions = (
				en,
				Base,
			);
			mainGroup = 8135BC882115B67A001AF574;
			productRefGroup = 8135BC922115B67A001AF574 /* Products */;
			projectDirPath = "";
			projectRoot = "";
			targets = (
				8135BC902115B67A001AF574 /* FleetingTime */,
				8135BCAB2115B67C001AF574 /* FleetingTimeTests */,
				8135BCB62115B67C001AF574 /* FleetingTimeUITests */,
			);
		};
/* End PBXProject section */

/* Begin PBXResourcesBuildPhase section */
		8135BC8F2115B67A001AF574 /* Resources */ = {
			isa = PBXResourcesBuildPhase;
			buildActionMask = 2147483647;
			files = (
				8135BCA42115B67B001AF574 /* LaunchScreen.storyboard in Resources */,
				8135BD7321170149001AF574 /* img_3.png in Resources */,
				8135BD6F21170149001AF574 /* img_0.png in Resources */,
				8135BCA12115B67B001AF574 /* Assets.xcassets in Resources */,
				8135BD7E21171710001AF574 /* img_5.png in Resources */,
				8135BD8A21172B7B001AF574 /* Cycling_Lambie.svg in Resources */,
				8135BC9C2115B67A001AF574 /* Main.storyboard in Resources */,
				8135BD8221171917001AF574 /* img_7.png in Resources */,
				8135BD6C21170149001AF574 /* img_4.png in Resources */,
				8135BD842117193E001AF574 /* img_8.png in Resources */,
				8135BD7221170149001AF574 /* img_2.png in Resources */,
				8135BD8021171774001AF574 /* img_6.png in Resources */,
				8135BD6E21170149001AF574 /* img_1.png in Resources */,
			);
			runOnlyForDeploymentPostprocessing = 0;
		};
		8135BCAA2115B67C001AF574 /* Resources */ = {
			isa = PBXResourcesBuildPhase;
			buildActionMask = 2147483647;
			files = (
			);
			runOnlyForDeploymentPostprocessing = 0;
		};
		8135BCB52115B67C001AF574 /* Resources */ = {
			isa = PBXResourcesBuildPhase;
			buildActionMask = 2147483647;
			files = (
			);
			runOnlyForDeploymentPostprocessing = 0;
		};
/* End PBXResourcesBuildPhase section */

/* Begin PBXShellScriptBuildPhase section */
		056A4E7BD06D3AE0D251ABA2 /* [CP] Check Pods Manifest.lock */ = {
			isa = PBXShellScriptBuildPhase;
			buildActionMask = 2147483647;
			files = (
			);
			inputPaths = (
				"${PODS_PODFILE_DIR_PATH}/Podfile.lock",
				"${PODS_ROOT}/Manifest.lock",
			);
			name = "[CP] Check Pods Manifest.lock";
			outputPaths = (
				"$(DERIVED_FILE_DIR)/Pods-FleetingTimeUITests-checkManifestLockResult.txt",
			);
			runOnlyForDeploymentPostprocessing = 0;
			shellPath = /bin/sh;
			shellScript = "diff \"${PODS_PODFILE_DIR_PATH}/Podfile.lock\" \"${PODS_ROOT}/Manifest.lock\" > /dev/null\nif [ $? != 0 ] ; then\n    # print error to STDERR\n    echo \"error: The sandbox is not in sync with the Podfile.lock. Run 'pod install' or update your CocoaPods installation.\" >&2\n    exit 1\nfi\n# This output is used by Xcode 'outputs' to avoid re-running this script phase.\necho \"SUCCESS\" > \"${SCRIPT_OUTPUT_FILE_0}\"\n";
			showEnvVarsInLog = 0;
		};
		8FEABA360D43F9BE6F4AE912 /* [CP] Check Pods Manifest.lock */ = {
			isa = PBXShellScriptBuildPhase;
			buildActionMask = 2147483647;
			files = (
			);
			inputPaths = (
				"${PODS_PODFILE_DIR_PATH}/Podfile.lock",
				"${PODS_ROOT}/Manifest.lock",
			);
			name = "[CP] Check Pods Manifest.lock";
			outputPaths = (
				"$(DERIVED_FILE_DIR)/Pods-FleetingTimeTests-checkManifestLockResult.txt",
			);
			runOnlyForDeploymentPostprocessing = 0;
			shellPath = /bin/sh;
			shellScript = "diff \"${PODS_PODFILE_DIR_PATH}/Podfile.lock\" \"${PODS_ROOT}/Manifest.lock\" > /dev/null\nif [ $? != 0 ] ; then\n    # print error to STDERR\n    echo \"error: The sandbox is not in sync with the Podfile.lock. Run 'pod install' or update your CocoaPods installation.\" >&2\n    exit 1\nfi\n# This output is used by Xcode 'outputs' to avoid re-running this script phase.\necho \"SUCCESS\" > \"${SCRIPT_OUTPUT_FILE_0}\"\n";
			showEnvVarsInLog = 0;
		};
		AA40B5CDF373189C272D5506 /* [CP] Check Pods Manifest.lock */ = {
			isa = PBXShellScriptBuildPhase;
			buildActionMask = 2147483647;
			files = (
			);
			inputPaths = (
				"${PODS_PODFILE_DIR_PATH}/Podfile.lock",
				"${PODS_ROOT}/Manifest.lock",
			);
			name = "[CP] Check Pods Manifest.lock";
			outputPaths = (
				"$(DERIVED_FILE_DIR)/Pods-FleetingTime-checkManifestLockResult.txt",
			);
			runOnlyForDeploymentPostprocessing = 0;
			shellPath = /bin/sh;
			shellScript = "diff \"${PODS_PODFILE_DIR_PATH}/Podfile.lock\" \"${PODS_ROOT}/Manifest.lock\" > /dev/null\nif [ $? != 0 ] ; then\n    # print error to STDERR\n    echo \"error: The sandbox is not in sync with the Podfile.lock. Run 'pod install' or update your CocoaPods installation.\" >&2\n    exit 1\nfi\n# This output is used by Xcode 'outputs' to avoid re-running this script phase.\necho \"SUCCESS\" > \"${SCRIPT_OUTPUT_FILE_0}\"\n";
			showEnvVarsInLog = 0;
		};
/* End PBXShellScriptBuildPhase section */

/* Begin PBXSourcesBuildPhase section */
		8135BC8D2115B67A001AF574 /* Sources */ = {
			isa = PBXSourcesBuildPhase;
			buildActionMask = 2147483647;
			files = (
				8135BCCE2115BBD4001AF574 /* MainTableViewCell.m in Sources */,
				8135BC992115B67A001AF574 /* ViewController.m in Sources */,
				8135BC962115B67A001AF574 /* AppDelegate.m in Sources */,
				8135BCA72115B67B001AF574 /* main.m in Sources */,
				8135BCCB2115BB08001AF574 /* MainViewController.m in Sources */,
				8135BD872117290E001AF574 /* SVGViewController.m in Sources */,
				8135BC9F2115B67A001AF574 /* FleetingTime.xcdatamodeld in Sources */,
				8135BD5E2115C86D001AF574 /* MainModel.m in Sources */,
			);
			runOnlyForDeploymentPostprocessing = 0;
		};
		8135BCA82115B67C001AF574 /* Sources */ = {
			isa = PBXSourcesBuildPhase;
			buildActionMask = 2147483647;
			files = (
				8135BCB12115B67C001AF574 /* FleetingTimeTests.m in Sources */,
			);
			runOnlyForDeploymentPostprocessing = 0;
		};
		8135BCB32115B67C001AF574 /* Sources */ = {
			isa = PBXSourcesBuildPhase;
			buildActionMask = 2147483647;
			files = (
				8135BCBC2115B67C001AF574 /* FleetingTimeUITests.m in Sources */,
			);
			runOnlyForDeploymentPostprocessing = 0;
		};
/* End PBXSourcesBuildPhase section */

/* Begin PBXTargetDependency section */
		8135BCAE2115B67C001AF574 /* PBXTargetDependency */ = {
			isa = PBXTargetDependency;
			target = 8135BC902115B67A001AF574 /* FleetingTime */;
			targetProxy = 8135BCAD2115B67C001AF574 /* PBXContainerItemProxy */;
		};
		8135BCB92115B67C001AF574 /* PBXTargetDependency */ = {
			isa = PBXTargetDependency;
			target = 8135BC902115B67A001AF574 /* FleetingTime */;
			targetProxy = 8135BCB82115B67C001AF574 /* PBXContainerItemProxy */;
		};
/* End PBXTargetDependency section */

/* Begin PBXVariantGroup section */
		8135BC9A2115B67A001AF574 /* Main.storyboard */ = {
			isa = PBXVariantGroup;
			children = (
				8135BC9B2115B67A001AF574 /* Base */,
			);
			name = Main.storyboard;
			sourceTree = "<group>";
		};
		8135BCA22115B67B001AF574 /* LaunchScreen.storyboard */ = {
			isa = PBXVariantGroup;
			children = (
				8135BCA32115B67B001AF574 /* Base */,
			);
			name = LaunchScreen.storyboard;
			sourceTree = "<group>";
		};
/* End PBXVariantGroup section */

/* Begin XCBuildConfiguration section */
		8135BCBE2115B67C001AF574 /* Debug */ = {
			isa = XCBuildConfiguration;
			buildSettings = {
				ALWAYS_SEARCH_USER_PATHS = NO;
				CLANG_ANALYZER_NONNULL = YES;
				CLANG_ANALYZER_NUMBER_OBJECT_CONVERSION = YES_AGGRESSIVE;
				CLANG_CXX_LANGUAGE_STANDARD = "gnu++14";
				CLANG_CXX_LIBRARY = "libc++";
				CLANG_ENABLE_MODULES = YES;
				CLANG_ENABLE_OBJC_ARC = YES;
				CLANG_ENABLE_OBJC_WEAK = YES;
				CLANG_WARN_BLOCK_CAPTURE_AUTORELEASING = YES;
				CLANG_WARN_BOOL_CONVERSION = YES;
				CLANG_WARN_COMMA = YES;
				CLANG_WARN_CONSTANT_CONVERSION = YES;
				CLANG_WARN_DEPRECATED_OBJC_IMPLEMENTATIONS = YES;
				CLANG_WARN_DIRECT_OBJC_ISA_USAGE = YES_ERROR;
				CLANG_WARN_DOCUMENTATION_COMMENTS = YES;
				CLANG_WARN_EMPTY_BODY = YES;
				CLANG_WARN_ENUM_CONVERSION = YES;
				CLANG_WARN_INFINITE_RECURSION = YES;
				CLANG_WARN_INT_CONVERSION = YES;
				CLANG_WARN_NON_LITERAL_NULL_CONVERSION = YES;
				CLANG_WARN_OBJC_IMPLICIT_RETAIN_SELF = YES;
				CLANG_WARN_OBJC_LITERAL_CONVERSION = YES;
				CLANG_WARN_OBJC_ROOT_CLASS = YES_ERROR;
				CLANG_WARN_RANGE_LOOP_ANALYSIS = YES;
				CLANG_WARN_STRICT_PROTOTYPES = YES;
				CLANG_WARN_SUSPICIOUS_MOVE = YES;
				CLANG_WARN_UNGUARDED_AVAILABILITY = YES_AGGRESSIVE;
				CLANG_WARN_UNREACHABLE_CODE = YES;
				CLANG_WARN__DUPLICATE_METHOD_MATCH = YES;
				CODE_SIGN_IDENTITY = "iPhone Developer";
				COPY_PHASE_STRIP = NO;
				DEBUG_INFORMATION_FORMAT = dwarf;
				ENABLE_STRICT_OBJC_MSGSEND = YES;
				ENABLE_TESTABILITY = YES;
				GCC_C_LANGUAGE_STANDARD = gnu11;
				GCC_DYNAMIC_NO_PIC = NO;
				GCC_NO_COMMON_BLOCKS = YES;
				GCC_OPTIMIZATION_LEVEL = 0;
				GCC_PREPROCESSOR_DEFINITIONS = (
					"DEBUG=1",
					"$(inherited)",
				);
				GCC_WARN_64_TO_32_BIT_CONVERSION = YES;
				GCC_WARN_ABOUT_RETURN_TYPE = YES_ERROR;
				GCC_WARN_UNDECLARED_SELECTOR = YES;
				GCC_WARN_UNINITIALIZED_AUTOS = YES_AGGRESSIVE;
				GCC_WARN_UNUSED_FUNCTION = YES;
				GCC_WARN_UNUSED_VARIABLE = YES;
				IPHONEOS_DEPLOYMENT_TARGET = 11.4;
				MTL_ENABLE_DEBUG_INFO = YES;
				ONLY_ACTIVE_ARCH = YES;
				SDKROOT = iphoneos;
			};
			name = Debug;
		};
		8135BCBF2115B67C001AF574 /* Release */ = {
			isa = XCBuildConfiguration;
			buildSettings = {
				ALWAYS_SEARCH_USER_PATHS = NO;
				CLANG_ANALYZER_NONNULL = YES;
				CLANG_ANALYZER_NUMBER_OBJECT_CONVERSION = YES_AGGRESSIVE;
				CLANG_CXX_LANGUAGE_STANDARD = "gnu++14";
				CLANG_CXX_LIBRARY = "libc++";
				CLANG_ENABLE_MODULES = YES;
				CLANG_ENABLE_OBJC_ARC = YES;
				CLANG_ENABLE_OBJC_WEAK = YES;
				CLANG_WARN_BLOCK_CAPTURE_AUTORELEASING = YES;
				CLANG_WARN_BOOL_CONVERSION = YES;
				CLANG_WARN_COMMA = YES;
				CLANG_WARN_CONSTANT_CONVERSION = YES;
				CLANG_WARN_DEPRECATED_OBJC_IMPLEMENTATIONS = YES;
				CLANG_WARN_DIRECT_OBJC_ISA_USAGE = YES_ERROR;
				CLANG_WARN_DOCUMENTATION_COMMENTS = YES;
				CLANG_WARN_EMPTY_BODY = YES;
				CLANG_WARN_ENUM_CONVERSION = YES;
				CLANG_WARN_INFINITE_RECURSION = YES;
				CLANG_WARN_INT_CONVERSION = YES;
				CLANG_WARN_NON_LITERAL_NULL_CONVERSION = YES;
				CLANG_WARN_OBJC_IMPLICIT_RETAIN_SELF = YES;
				CLANG_WARN_OBJC_LITERAL_CONVERSION = YES;
				CLANG_WARN_OBJC_ROOT_CLASS = YES_ERROR;
				CLANG_WARN_RANGE_LOOP_ANALYSIS = YES;
				CLANG_WARN_STRICT_PROTOTYPES = YES;
				CLANG_WARN_SUSPICIOUS_MOVE = YES;
				CLANG_WARN_UNGUARDED_AVAILABILITY = YES_AGGRESSIVE;
				CLANG_WARN_UNREACHABLE_CODE = YES;
				CLANG_WARN__DUPLICATE_METHOD_MATCH = YES;
				CODE_SIGN_IDENTITY = "iPhone Developer";
				COPY_PHASE_STRIP = NO;
				DEBUG_INFORMATION_FORMAT = "dwarf-with-dsym";
				ENABLE_NS_ASSERTIONS = NO;
				ENABLE_STRICT_OBJC_MSGSEND = YES;
				GCC_C_LANGUAGE_STANDARD = gnu11;
				GCC_NO_COMMON_BLOCKS = YES;
				GCC_WARN_64_TO_32_BIT_CONVERSION = YES;
				GCC_WARN_ABOUT_RETURN_TYPE = YES_ERROR;
				GCC_WARN_UNDECLARED_SELECTOR = YES;
				GCC_WARN_UNINITIALIZED_AUTOS = YES_AGGRESSIVE;
				GCC_WARN_UNUSED_FUNCTION = YES;
				GCC_WARN_UNUSED_VARIABLE = YES;
				IPHONEOS_DEPLOYMENT_TARGET = 11.4;
				MTL_ENABLE_DEBUG_INFO = NO;
				SDKROOT = iphoneos;
				VALIDATE_PRODUCT = YES;
			};
			name = Release;
		};
		8135BCC12115B67C001AF574 /* Debug */ = {
			isa = XCBuildConfiguration;
			baseConfigurationReference = 231BE545A7813ABEC8C6A5E1 /* Pods-FleetingTime.debug.xcconfig */;
			buildSettings = {
				ASSETCATALOG_COMPILER_APPICON_NAME = AppIcon;
				CODE_SIGN_STYLE = Automatic;
				DEVELOPMENT_TEAM = 25R9QAWP9M;
				INFOPLIST_FILE = FleetingTime/Info.plist;
				LD_RUNPATH_SEARCH_PATHS = (
					"$(inherited)",
					"@executable_path/Frameworks",
				);
				PRODUCT_BUNDLE_IDENTIFIER = "-.FleetingTime";
				PRODUCT_NAME = "$(TARGET_NAME)";
				TARGETED_DEVICE_FAMILY = "1,2";
			};
			name = Debug;
		};
		8135BCC22115B67C001AF574 /* Release */ = {
			isa = XCBuildConfiguration;
			baseConfigurationReference = F5B2C999B9383FD475D01694 /* Pods-FleetingTime.release.xcconfig */;
			buildSettings = {
				ASSETCATALOG_COMPILER_APPICON_NAME = AppIcon;
				CODE_SIGN_STYLE = Automatic;
				DEVELOPMENT_TEAM = 25R9QAWP9M;
				INFOPLIST_FILE = FleetingTime/Info.plist;
				LD_RUNPATH_SEARCH_PATHS = (
					"$(inherited)",
					"@executable_path/Frameworks",
				);
				PRODUCT_BUNDLE_IDENTIFIER = "-.FleetingTime";
				PRODUCT_NAME = "$(TARGET_NAME)";
				TARGETED_DEVICE_FAMILY = "1,2";
			};
			name = Release;
		};
		8135BCC42115B67C001AF574 /* Debug */ = {
			isa = XCBuildConfiguration;
			baseConfigurationReference = F3CC6BD322EAFA2BFB8D59AD /* Pods-FleetingTimeTests.debug.xcconfig */;
			buildSettings = {
				BUNDLE_LOADER = "$(TEST_HOST)";
				CODE_SIGN_STYLE = Automatic;
				DEVELOPMENT_TEAM = 25R9QAWP9M;
				INFOPLIST_FILE = FleetingTimeTests/Info.plist;
				LD_RUNPATH_SEARCH_PATHS = (
					"$(inherited)",
					"@executable_path/Frameworks",
					"@loader_path/Frameworks",
				);
				PRODUCT_BUNDLE_IDENTIFIER = "-.FleetingTimeTests";
				PRODUCT_NAME = "$(TARGET_NAME)";
				TARGETED_DEVICE_FAMILY = "1,2";
				TEST_HOST = "$(BUILT_PRODUCTS_DIR)/FleetingTime.app/FleetingTime";
			};
			name = Debug;
		};
		8135BCC52115B67C001AF574 /* Release */ = {
			isa = XCBuildConfiguration;
			baseConfigurationReference = A995052DCB884887D80A686C /* Pods-FleetingTimeTests.release.xcconfig */;
			buildSettings = {
				BUNDLE_LOADER = "$(TEST_HOST)";
				CODE_SIGN_STYLE = Automatic;
				DEVELOPMENT_TEAM = 25R9QAWP9M;
				INFOPLIST_FILE = FleetingTimeTests/Info.plist;
				LD_RUNPATH_SEARCH_PATHS = (
					"$(inherited)",
					"@executable_path/Frameworks",
					"@loader_path/Frameworks",
				);
				PRODUCT_BUNDLE_IDENTIFIER = "-.FleetingTimeTests";
				PRODUCT_NAME = "$(TARGET_NAME)";
				TARGETED_DEVICE_FAMILY = "1,2";
				TEST_HOST = "$(BUILT_PRODUCTS_DIR)/FleetingTime.app/FleetingTime";
			};
			name = Release;
		};
		8135BCC72115B67C001AF574 /* Debug */ = {
			isa = XCBuildConfiguration;
			baseConfigurationReference = FF5DBF354ED3943461D4958E /* Pods-FleetingTimeUITests.debug.xcconfig */;
			buildSettings = {
				CODE_SIGN_STYLE = Automatic;
				DEVELOPMENT_TEAM = 25R9QAWP9M;
				INFOPLIST_FILE = FleetingTimeUITests/Info.plist;
				LD_RUNPATH_SEARCH_PATHS = (
					"$(inherited)",
					"@executable_path/Frameworks",
					"@loader_path/Frameworks",
				);
				PRODUCT_BUNDLE_IDENTIFIER = "-.FleetingTimeUITests";
				PRODUCT_NAME = "$(TARGET_NAME)";
				TARGETED_DEVICE_FAMILY = "1,2";
				TEST_TARGET_NAME = FleetingTime;
			};
			name = Debug;
		};
		8135BCC82115B67C001AF574 /* Release */ = {
			isa = XCBuildConfiguration;
			baseConfigurationReference = 5AC400093DCCC9998583D017 /* Pods-FleetingTimeUITests.release.xcconfig */;
			buildSettings = {
				CODE_SIGN_STYLE = Automatic;
				DEVELOPMENT_TEAM = 25R9QAWP9M;
				INFOPLIST_FILE = FleetingTimeUITests/Info.plist;
				LD_RUNPATH_SEARCH_PATHS = (
					"$(inherited)",
					"@executable_path/Frameworks",
					"@loader_path/Frameworks",
				);
				PRODUCT_BUNDLE_IDENTIFIER = "-.FleetingTimeUITests";
				PRODUCT_NAME = "$(TARGET_NAME)";
				TARGETED_DEVICE_FAMILY = "1,2";
				TEST_TARGET_NAME = FleetingTime;
			};
			name = Release;
		};
/* End XCBuildConfiguration section */

/* Begin XCConfigurationList section */
		8135BC8C2115B67A001AF574 /* Build configuration list for PBXProject "FleetingTime" */ = {
			isa = XCConfigurationList;
			buildConfigurations = (
				8135BCBE2115B67C001AF574 /* Debug */,
				8135BCBF2115B67C001AF574 /* Release */,
			);
			defaultConfigurationIsVisible = 0;
			defaultConfigurationName = Release;
		};
		8135BCC02115B67C001AF574 /* Build configuration list for PBXNativeTarget "FleetingTime" */ = {
			isa = XCConfigurationList;
			buildConfigurations = (
				8135BCC12115B67C001AF574 /* Debug */,
				8135BCC22115B67C001AF574 /* Release */,
			);
			defaultConfigurationIsVisible = 0;
			defaultConfigurationName = Release;
		};
		8135BCC32115B67C001AF574 /* Build configuration list for PBXNativeTarget "FleetingTimeTests" */ = {
			isa = XCConfigurationList;
			buildConfigurations = (
				8135BCC42115B67C001AF574 /* Debug */,
				8135BCC52115B67C001AF574 /* Release */,
			);
			defaultConfigurationIsVisible = 0;
			defaultConfigurationName = Release;
		};
		8135BCC62115B67C001AF574 /* Build configuration list for PBXNativeTarget "FleetingTimeUITests" */ = {
			isa = XCConfigurationList;
			buildConfigurations = (
				8135BCC72115B67C001AF574 /* Debug */,
				8135BCC82115B67C001AF574 /* Release */,
			);
			defaultConfigurationIsVisible = 0;
			defaultConfigurationName = Release;
		};
/* End XCConfigurationList section */

/* Begin XCVersionGroup section */
		8135BC9D2115B67A001AF574 /* FleetingTime.xcdatamodeld */ = {
			isa = XCVersionGroup;
			children = (
				8135BC9E2115B67A001AF574 /* FleetingTime.xcdatamodel */,
			);
			currentVersion = 8135BC9E2115B67A001AF574 /* FleetingTime.xcdatamodel */;
			path = FleetingTime.xcdatamodeld;
			sourceTree = "<group>";
			versionGroupType = wrapper.xcdatamodel;
		};
/* End XCVersionGroup section */
	};
	rootObject = 8135BC892115B67A001AF574 /* Project object */;
}
